{
  "nodes": {
    "nixpkgs": {
      "locked": {
        "lastModified": 1635599634,
        "narHash": "sha256-cb64rsyjMa9BueddtJ7imHp0Ggh4dOxwOBMWik8yaBo=",
        "owner": "NixOS",
        "repo": "nixpkgs",
        "rev": "1be106018c74cb47c0cec3ba78c68b9d790c4204",
        "type": "github"
      },
      "original": {
        "id": "nixpkgs",
        "type": "indirect"
      }
    },
    "root": {
      "inputs": {
        "nixpkgs": "nixpkgs"
      }
    }
  },
  "root": "root",
  "version": 7
}
