{
  "nodes": {
    "bspwm-utils": {
      "inputs": {
        "nixpkgs": [
          "nixpkgs"
        ],
        "utils": "utils"
      },
      "locked": {
        "lastModified": 1657198697,
        "narHash": "sha256-w8e+2QD/Q4aykOqU0r8oxlsylZXNMoy7wbNRVTxfJjQ=",
        "owner": "Kharacternyk",
        "repo": "bspwm-utils",
        "rev": "d7f28c5a63bccbcdebb97887e9f8f96b7703d81b",
        "type": "github"
      },
      "original": {
        "owner": "Kharacternyk",
        "repo": "bspwm-utils",
        "type": "github"
      }
    },
    "nixpkgs": {
      "locked": {
        "lastModified": 1663850217,
        "narHash": "sha256-tp9nXo1/IdN/xN9m06ryy0QUAEfoN6K56ObM/1QTAjc=",
        "owner": "NixOS",
        "repo": "nixpkgs",
        "rev": "ae1dc133ea5f1538d035af41e5ddbc2ebcb67b90",
        "type": "github"
      },
      "original": {
        "owner": "NixOS",
        "ref": "nixos-unstable",
        "repo": "nixpkgs",
        "type": "github"
      }
    },
    "root": {
      "inputs": {
        "bspwm-utils": "bspwm-utils",
        "nixpkgs": "nixpkgs",
        "vim-bullets": "vim-bullets",
        "vim-gruvbox": "vim-gruvbox",
        "vim-suda": "vim-suda"
      }
    },
    "utils": {
      "locked": {
        "lastModified": 1649676176,
        "narHash": "sha256-OWKJratjt2RW151VUlJPRALb7OU2S5s+f0vLj4o1bHM=",
        "owner": "numtide",
        "repo": "flake-utils",
        "rev": "a4b154ebbdc88c8498a5c7b01589addc9e9cb678",
        "type": "github"
      },
      "original": {
        "owner": "numtide",
        "repo": "flake-utils",
        "type": "github"
      }
    },
    "vim-bullets": {
      "flake": false,
      "locked": {
        "lastModified": 1662846987,
        "narHash": "sha256-fMj64lxpMjbMTwp5oYLOUUmlQTq3ZRXw6aXUy762gqI=",
        "owner": "dkarter",
        "repo": "bullets.vim",
        "rev": "d3a75d60ffe74c91b2a1225327bbeff540fdab11",
        "type": "github"
      },
      "original": {
        "owner": "dkarter",
        "repo": "bullets.vim",
        "type": "github"
      }
    },
    "vim-gruvbox": {
      "flake": false,
      "locked": {
        "lastModified": 1659526643,
        "narHash": "sha256-zAkTbhrNrVkJcn8+KDMly+30oBXqNAgYJYXFq4rcQLg=",
        "owner": "gruvbox-community",
        "repo": "gruvbox",
        "rev": "95b120a15d0765037d2836d04e3360c273caf111",
        "type": "github"
      },
      "original": {
        "owner": "gruvbox-community",
        "repo": "gruvbox",
        "type": "github"
      }
    },
    "vim-suda": {
      "flake": false,
      "locked": {
        "lastModified": 1644512840,
        "narHash": "sha256-pjRQIrf597U/v1xuwHsDzcSI02mHdEifp4OUd3mg+JA=",
        "owner": "lambdalisue",
        "repo": "suda.vim",
        "rev": "6bffe36862faa601d2de7e54f6e85c1435e832d0",
        "type": "github"
      },
      "original": {
        "owner": "lambdalisue",
        "repo": "suda.vim",
        "type": "github"
      }
    }
  },
  "root": "root",
  "version": 7
}
